
Microsoft Visual Studio Solution File, Format Version 12.00
# Visual Studio Version 17
VisualStudioVersion = 17.14.37111.16
MinimumVisualStudioVersion = 10.0.40219.1
Project("{8BC9CEB8-8B4A-11D0-8D11-00A0C91BC942}") = "PD621", "PD621\PD621.vcxproj", "{3B6D3EBC-2ED5-4C16-9C60-E40F3B3F2EB8}"
EndProject
Project("{8BC9CEB8-8B4A-11D0-8D11-00A0C91BC942}") = "07_Cycles", "07_Cycles\07_Cycles.vcxproj", "{35CB5900-528B-4B5C-8AAC-7CC1E54866F8}"
EndProject
Project("{8BC9CEB8-8B4A-11D0-8D11-00A0C91BC942}") = "08_Massive", "08_Massivee\08_Massivee.vcxproj", "{6B5A25B5-F548-4B53-9D2F-68FB82F592D6}"
EndProject
Project("{8BC9CEB8-8B4A-11D0-8D11-00A0C91BC942}") = "09_TwoDemention", "09_TwoDemention\09_TwoDemention.vcxproj", "{50D7984E-EC87-4AF2-A86A-E2D28300905F}"
EndProject
Project("{8BC9CEB8-8B4A-11D0-8D11-00A0C91BC942}") = "10_Functions", "10_Functions\10_Functions.vcxproj", "{BC3DE236-30A6-468C-A4AB-DD9B8E4C6236}"
EndProject
Project("{8BC9CEB8-8B4A-11D0-8D11-00A0C91BC942}") = "11_Functions", "11_Functions\11_Functions.vcxproj", "{7DAFE938-4CAC-41D9-96B3-6D23C314C54A}"
EndProject
Project("{8BC9CEB8-8B4A-11D0-8D11-00A0C91BC942}") = "12_Sorting", "12_Sorting\12_Sorting.vcxproj", "{35230D35-9867-4DD4-9302-23174AB3569D}"
EndProject
Project("{8BC9CEB8-8B4A-11D0-8D11-00A0C91BC942}") = "13_Pointers", "13_Pointers\13_Pointers.vcxproj", "{EB686B91-5882-4683-94E8-BB7D14780C07}"
EndProject
Project("{8BC9CEB8-8B4A-11D0-8D11-00A0C91BC942}") = "14_DynamicTwoDemention", "14_DynamicTwoDemention\14_DynamicTwoDemention.vcxproj", "{ED521BFF-847A-4707-88A7-EA0C31631D2A}"
EndProject
Global
	GlobalSection(SolutionConfigurationPlatforms) = preSolution
		Debug|x64 = Debug|x64
		Debug|x86 = Debug|x86
		Release|x64 = Release|x64
		Release|x86 = Release|x86
	EndGlobalSection
	GlobalSection(ProjectConfigurationPlatforms) = postSolution
		{3B6D3EBC-2ED5-4C16-9C60-E40F3B3F2EB8}.Debug|x64.ActiveCfg = Debug|x64
		{3B6D3EBC-2ED5-4C16-9C60-E40F3B3F2EB8}.Debug|x64.Build.0 = Debug|x64
		{3B6D3EBC-2ED5-4C16-9C60-E40F3B3F2EB8}.Debug|x86.ActiveCfg = Debug|Win32
		{3B6D3EBC-2ED5-4C16-9C60-E40F3B3F2EB8}.Debug|x86.Build.0 = Debug|Win32
		{3B6D3EBC-2ED5-4C16-9C60-E40F3B3F2EB8}.Release|x64.ActiveCfg = Release|x64
		{3B6D3EBC-2ED5-4C16-9C60-E40F3B3F2EB8}.Release|x64.Build.0 = Release|x64
		{3B6D3EBC-2ED5-4C16-9C60-E40F3B3F2EB8}.Release|x86.ActiveCfg = Release|Win32
		{3B6D3EBC-2ED5-4C16-9C60-E40F3B3F2EB8}.Release|x86.Build.0 = Release|Win32
		{35CB5900-528B-4B5C-8AAC-7CC1E54866F8}.Debug|x64.ActiveCfg = Debug|x64
		{35CB5900-528B-4B5C-8AAC-7CC1E54866F8}.Debug|x64.Build.0 = Debug|x64
		{35CB5900-528B-4B5C-8AAC-7CC1E54866F8}.Debug|x86.ActiveCfg = Debug|Win32
		{35CB5900-528B-4B5C-8AAC-7CC1E54866F8}.Debug|x86.Build.0 = Debug|Win32
		{35CB5900-528B-4B5C-8AAC-7CC1E54866F8}.Release|x64.ActiveCfg = Release|x64
		{35CB5900-528B-4B5C-8AAC-7CC1E54866F8}.Release|x64.Build.0 = Release|x64
		{35CB5900-528B-4B5C-8AAC-7CC1E54866F8}.Release|x86.ActiveCfg = Release|Win32
		{35CB5900-528B-4B5C-8AAC-7CC1E54866F8}.Release|x86.Build.0 = Release|Win32
		{6B5A25B5-F548-4B53-9D2F-68FB82F592D6}.Debug|x64.ActiveCfg = Debug|x64
		{6B5A25B5-F548-4B53-9D2F-68FB82F592D6}.Debug|x64.Build.0 = Debug|x64
		{6B5A25B5-F548-4B53-9D2F-68FB82F592D6}.Debug|x86.ActiveCfg = Debug|Win32
		{6B5A25B5-F548-4B53-9D2F-68FB82F592D6}.Debug|x86.Build.0 = Debug|Win32
		{6B5A25B5-F548-4B53-9D2F-68FB82F592D6}.Release|x64.ActiveCfg = Release|x64
		{6B5A25B5-F548-4B53-9D2F-68FB82F592D6}.Release|x64.Build.0 = Release|x64
		{6B5A25B5-F548-4B53-9D2F-68FB82F592D6}.Release|x86.ActiveCfg = Release|Win32
		{6B5A25B5-F548-4B53-9D2F-68FB82F592D6}.Release|x86.Build.0 = Release|Win32
		{50D7984E-EC87-4AF2-A86A-E2D28300905F}.Debug|x64.ActiveCfg = Debug|x64
		{50D7984E-EC87-4AF2-A86A-E2D28300905F}.Debug|x64.Build.0 = Debug|x64
		{50D7984E-EC87-4AF2-A86A-E2D28300905F}.Debug|x86.ActiveCfg = Debug|Win32
		{50D7984E-EC87-4AF2-A86A-E2D28300905F}.Debug|x86.Build.0 = Debug|Win32
		{50D7984E-EC87-4AF2-A86A-E2D28300905F}.Release|x64.ActiveCfg = Release|x64
		{50D7984E-EC87-4AF2-A86A-E2D28300905F}.Release|x64.Build.0 = Release|x64
		{50D7984E-EC87-4AF2-A86A-E2D28300905F}.Release|x86.ActiveCfg = Release|Win32
		{50D7984E-EC87-4AF2-A86A-E2D28300905F}.Release|x86.Build.0 = Release|Win32
		{BC3DE236-30A6-468C-A4AB-DD9B8E4C6236}.Debug|x64.ActiveCfg = Debug|x64
		{BC3DE236-30A6-468C-A4AB-DD9B8E4C6236}.Debug|x64.Build.0 = Debug|x64
		{BC3DE236-30A6-468C-A4AB-DD9B8E4C6236}.Debug|x86.ActiveCfg = Debug|Win32
		{BC3DE236-30A6-468C-A4AB-DD9B8E4C6236}.Debug|x86.Build.0 = Debug|Win32
		{BC3DE236-30A6-468C-A4AB-DD9B8E4C6236}.Release|x64.ActiveCfg = Release|x64
		{BC3DE236-30A6-468C-A4AB-DD9B8E4C6236}.Release|x64.Build.0 = Release|x64
		{BC3DE236-30A6-468C-A4AB-DD9B8E4C6236}.Release|x86.ActiveCfg = Release|Win32
		{BC3DE236-30A6-468C-A4AB-DD9B8E4C6236}.Release|x86.Build.0 = Release|Win32
		{7DAFE938-4CAC-41D9-96B3-6D23C314C54A}.Debug|x64.ActiveCfg = Debug|x64
		{7DAFE938-4CAC-41D9-96B3-6D23C314C54A}.Debug|x64.Build.0 = Debug|x64
		{7DAFE938-4CAC-41D9-96B3-6D23C314C54A}.Debug|x86.ActiveCfg = Debug|Win32
		{7DAFE938-4CAC-41D9-96B3-6D23C314C54A}.Debug|x86.Build.0 = Debug|Win32
		{7DAFE938-4CAC-41D9-96B3-6D23C314C54A}.Release|x64.ActiveCfg = Release|x64
		{7DAFE938-4CAC-41D9-96B3-6D23C314C54A}.Release|x64.Build.0 = Release|x64
		{7DAFE938-4CAC-41D9-96B3-6D23C314C54A}.Release|x86.ActiveCfg = Release|Win32
		{7DAFE938-4CAC-41D9-96B3-6D23C314C54A}.Release|x86.Build.0 = Release|Win32
		{35230D35-9867-4DD4-9302-23174AB3569D}.Debug|x64.ActiveCfg = Debug|x64
		{35230D35-9867-4DD4-9302-23174AB3569D}.Debug|x64.Build.0 = Debug|x64
		{35230D35-9867-4DD4-9302-23174AB3569D}.Debug|x86.ActiveCfg = Debug|Win32
		{35230D35-9867-4DD4-9302-23174AB3569D}.Debug|x86.Build.0 = Debug|Win32
		{35230D35-9867-4DD4-9302-23174AB3569D}.Release|x64.ActiveCfg = Release|x64
		{35230D35-9867-4DD4-9302-23174AB3569D}.Release|x64.Build.0 = Release|x64
		{35230D35-9867-4DD4-9302-23174AB3569D}.Release|x86.ActiveCfg = Release|Win32
		{35230D35-9867-4DD4-9302-23174AB3569D}.Release|x86.Build.0 = Release|Win32
		{EB686B91-5882-4683-94E8-BB7D14780C07}.Debug|x64.ActiveCfg = Debug|x64
		{EB686B91-5882-4683-94E8-BB7D14780C07}.Debug|x64.Build.0 = Debug|x64
		{EB686B91-5882-4683-94E8-BB7D14780C07}.Debug|x86.ActiveCfg = Debug|Win32
		{EB686B91-5882-4683-94E8-BB7D14780C07}.Debug|x86.Build.0 = Debug|Win32
		{EB686B91-5882-4683-94E8-BB7D14780C07}.Release|x64.ActiveCfg = Release|x64
		{EB686B91-5882-4683-94E8-BB7D14780C07}.Release|x64.Build.0 = Release|x64
		{EB686B91-5882-4683-94E8-BB7D14780C07}.Release|x86.ActiveCfg = Release|Win32
		{EB686B91-5882-4683-94E8-BB7D14780C07}.Release|x86.Build.0 = Release|Win32
		{ED521BFF-847A-4707-88A7-EA0C31631D2A}.Debug|x64.ActiveCfg = Debug|x64
		{ED521BFF-847A-4707-88A7-EA0C31631D2A}.Debug|x64.Build.0 = Debug|x64
		{ED521BFF-847A-4707-88A7-EA0C31631D2A}.Debug|x86.ActiveCfg = Debug|Win32
		{ED521BFF-847A-4707-88A7-EA0C31631D2A}.Debug|x86.Build.0 = Debug|Win32
		{ED521BFF-847A-4707-88A7-EA0C31631D2A}.Release|x64.ActiveCfg = Release|x64
		{ED521BFF-847A-4707-88A7-EA0C31631D2A}.Release|x64.Build.0 = Release|x64
		{ED521BFF-847A-4707-88A7-EA0C31631D2A}.Release|x86.ActiveCfg = Release|Win32
		{ED521BFF-847A-4707-88A7-EA0C31631D2A}.Release|x86.Build.0 = Release|Win32
	EndGlobalSection
	GlobalSection(SolutionProperties) = preSolution
		HideSolutionNode = FALSE
	EndGlobalSection
	GlobalSection(ExtensibilityGlobals) = postSolution
		SolutionGuid = {0E1AC34B-DE44-4A59-81DE-723EAB83F484}
	EndGlobalSection
EndGlobal
